// !$*UTF8*$!
{
	archiveVersion = 1;
	classes = {
	};
	objectVersion = 45;
	objects = {

/* Begin PBXBuildFile section */
		1D60589F0D05DD5A006BFB54 /* Foundation.framework in Frameworks */ = {isa = PBXBuildFile; fileRef = 1D30AB110D05D00D00671497 /* Foundation.framework */; };
		1DF5F4E00D08C38300B7A737 /* UIKit.framework in Frameworks */ = {isa = PBXBuildFile; fileRef = 1DF5F4DF0D08C38300B7A737 /* UIKit.framework */; };
		288765FD0DF74451002DB57D /* CoreGraphics.framework in Frameworks */ = {isa = PBXBuildFile; fileRef = 288765FC0DF74451002DB57D /* CoreGraphics.framework */; };
		89C9ED5012DEEF2100910C9C /* CFNetwork.framework in Frameworks */ = {isa = PBXBuildFile; fileRef = 89C9ED4F12DEEF2100910C9C /* CFNetwork.framework */; };
		89C9ED8D12DEF33C00910C9C /* libidn-iPhone.a in Frameworks */ = {isa = PBXBuildFile; fileRef = 89C9ED8C12DEF33C00910C9C /* libidn-iPhone.a */; };
		89C9ED8F12DEF34700910C9C /* libidn-simulator.a in Frameworks */ = {isa = PBXBuildFile; fileRef = 89C9ED8E12DEF34700910C9C /* libidn-simulator.a */; };
/* End PBXBuildFile section */

/* Begin PBXFileReference section */
		1D30AB110D05D00D00671497 /* Foundation.framework */ = {isa = PBXFileReference; lastKnownFileType = wrapper.framework; name = Foundation.framework; path = System/Library/Frameworks/Foundation.framework; sourceTree = SDKROOT; };
		1D6058910D05DD3D006BFB54 /* eXo Platform.app */ = {isa = PBXFileReference; explicitFileType = wrapper.application; includeInIndex = 0; path = "eXo Platform.app"; sourceTree = BUILT_PRODUCTS_DIR; };
		1DF5F4DF0D08C38300B7A737 /* UIKit.framework */ = {isa = PBXFileReference; lastKnownFileType = wrapper.framework; name = UIKit.framework; path = System/Library/Frameworks/UIKit.framework; sourceTree = SDKROOT; };
		288765FC0DF74451002DB57D /* CoreGraphics.framework */ = {isa = PBXFileReference; lastKnownFileType = wrapper.framework; name = CoreGraphics.framework; path = System/Library/Frameworks/CoreGraphics.framework; sourceTree = SDKROOT; };
		32CA4F630368D1EE00C91783 /* eXo_Platform_Prefix.pch */ = {isa = PBXFileReference; fileEncoding = 4; lastKnownFileType = sourcecode.c.h; path = eXo_Platform_Prefix.pch; sourceTree = "<group>"; };
		89C9ED4F12DEEF2100910C9C /* CFNetwork.framework */ = {isa = PBXFileReference; lastKnownFileType = wrapper.framework; name = CFNetwork.framework; path = System/Library/Frameworks/CFNetwork.framework; sourceTree = SDKROOT; };
		89C9ED8C12DEF33C00910C9C /* libidn-iPhone.a */ = {isa = PBXFileReference; lastKnownFileType = archive.ar; name = "libidn-iPhone.a"; path = "/Users/maithanhxuyen/Downloads/Archive/exo-mobile-ipad/Classes/libidn/iphoneos/libidn-iPhone.a"; sourceTree = "<absolute>"; };
		89C9ED8E12DEF34700910C9C /* libidn-simulator.a */ = {isa = PBXFileReference; lastKnownFileType = archive.ar; name = "libidn-simulator.a"; path = "/Users/maithanhxuyen/Downloads/Archive/exo-mobile-ipad/Classes/libidn/iphonesimulator/libidn-simulator.a"; sourceTree = "<absolute>"; };
/* End PBXFileReference section */

/* Begin PBXFrameworksBuildPhase section */
		1D60588F0D05DD3D006BFB54 /* Frameworks */ = {
			isa = PBXFrameworksBuildPhase;
			buildActionMask = 2147483647;
			files = (
				1D60589F0D05DD5A006BFB54 /* Foundation.framework in Frameworks */,
				1DF5F4E00D08C38300B7A737 /* UIKit.framework in Frameworks */,
				288765FD0DF74451002DB57D /* CoreGraphics.framework in Frameworks */,
				89C9ED5012DEEF2100910C9C /* CFNetwork.framework in Frameworks */,
				89C9ED8D12DEF33C00910C9C /* libidn-iPhone.a in Frameworks */,
				89C9ED8F12DEF34700910C9C /* libidn-simulator.a in Frameworks */,
			);
			runOnlyForDeploymentPostprocessing = 0;
		};
/* End PBXFrameworksBuildPhase section */

/* Begin PBXGroup section */
		19C28FACFE9D520D11CA2CBB /* Products */ = {
			isa = PBXGroup;
			children = (
				1D6058910D05DD3D006BFB54 /* eXo Platform.app */,
			);
			name = Products;
			sourceTree = "<group>";
		};
		29B97314FDCFA39411CA2CEA /* CustomTemplate */ = {
			isa = PBXGroup;
			children = (
				89300A6C1336EF6200804D3B /* Sources */,
				29B97315FDCFA39411CA2CEA /* Other Sources */,
				29B97323FDCFA39411CA2CEA /* Frameworks */,
				19C28FACFE9D520D11CA2CBB /* Products */,
			);
			name = CustomTemplate;
			sourceTree = "<group>";
		};
		29B97315FDCFA39411CA2CEA /* Other Sources */ = {
			isa = PBXGroup;
			children = (
				32CA4F630368D1EE00C91783 /* eXo_Platform_Prefix.pch */,
			);
			name = "Other Sources";
			sourceTree = "<group>";
		};
		29B97323FDCFA39411CA2CEA /* Frameworks */ = {
			isa = PBXGroup;
			children = (
				89C9ED8E12DEF34700910C9C /* libidn-simulator.a */,
				89C9ED8C12DEF33C00910C9C /* libidn-iPhone.a */,
				1DF5F4DF0D08C38300B7A737 /* UIKit.framework */,
				1D30AB110D05D00D00671497 /* Foundation.framework */,
				288765FC0DF74451002DB57D /* CoreGraphics.framework */,
				89C9ED4F12DEEF2100910C9C /* CFNetwork.framework */,
			);
			name = Frameworks;
			sourceTree = "<group>";
		};
		89300A6C1336EF6200804D3B /* Sources */ = {
			isa = PBXGroup;
			children = (
			);
			path = Sources;
			sourceTree = "<group>";
		};
/* End PBXGroup section */

/* Begin PBXNativeTarget section */
		1D6058900D05DD3D006BFB54 /* eXo Platform */ = {
			isa = PBXNativeTarget;
			buildConfigurationList = 1D6058960D05DD3E006BFB54 /* Build configuration list for PBXNativeTarget "eXo Platform" */;
			buildPhases = (
				1D60588D0D05DD3D006BFB54 /* Resources */,
				1D60588E0D05DD3D006BFB54 /* Sources */,
				1D60588F0D05DD3D006BFB54 /* Frameworks */,
			);
			buildRules = (
			);
			dependencies = (
			);
			name = "eXo Platform";
			productName = "eXo Platform";
			productReference = 1D6058910D05DD3D006BFB54 /* eXo Platform.app */;
			productType = "com.apple.product-type.application";
		};
/* End PBXNativeTarget section */

/* Begin PBXProject section */
		29B97313FDCFA39411CA2CEA /* Project object */ = {
			isa = PBXProject;
			buildConfigurationList = C01FCF4E08A954540054247B /* Build configuration list for PBXProject "eXo Platform" */;
			compatibilityVersion = "Xcode 3.1";
			developmentRegion = English;
			hasScannedForEncodings = 1;
			knownRegions = (
				English,
				Japanese,
				French,
				German,
			);
			mainGroup = 29B97314FDCFA39411CA2CEA /* CustomTemplate */;
			projectDirPath = "";
			projectRoot = "";
			targets = (
				1D6058900D05DD3D006BFB54 /* eXo Platform */,
			);
		};
/* End PBXProject section */

/* Begin PBXResourcesBuildPhase section */
		1D60588D0D05DD3D006BFB54 /* Resources */ = {
			isa = PBXResourcesBuildPhase;
			buildActionMask = 2147483647;
			files = (
			);
			runOnlyForDeploymentPostprocessing = 0;
		};
/* End PBXResourcesBuildPhase section */

/* Begin PBXSourcesBuildPhase section */
		1D60588E0D05DD3D006BFB54 /* Sources */ = {
			isa = PBXSourcesBuildPhase;
			buildActionMask = 2147483647;
			files = (
			);
			runOnlyForDeploymentPostprocessing = 0;
		};
/* End PBXSourcesBuildPhase section */

/* Begin XCBuildConfiguration section */
		1D6058940D05DD3E006BFB54 /* Debug */ = {
			isa = XCBuildConfiguration;
			buildSettings = {
				ALWAYS_SEARCH_USER_PATHS = NO;
				CODE_SIGN_ENTITLEMENTS = "~/eXo/01-Products/01-Mobile/00_SRC/mobile/trunk/exo-mobile-ios/Shared/Entitlements.plist";
				COPY_PHASE_STRIP = NO;
				GCC_DYNAMIC_NO_PIC = NO;
				GCC_OPTIMIZATION_LEVEL = 0;
				GCC_PRECOMPILE_PREFIX_HEADER = YES;
				GCC_PREFIX_HEADER = eXo_Platform_Prefix.pch;
				INFOPLIST_FILE = "eXo_Platform-Info.plist";
				LIBRARY_SEARCH_PATHS = (
					"$(inherited)",
					"\"$(SRCROOT)/Shared/Classes/libidn/iphoneos\"/**",
					"\"$(SRCROOT)/Shared/Classes/libidn/iphonesimulator\"/**",
					"\"$(SRCROOT)/Sources/Shared/Classes/libidn/iphoneos\"",
					"\"$(SRCROOT)/Sources/Shared/Classes/libidn/iphonesimulator\"",
					"\"$(SRCROOT)/Sources/Shared/Classes/libidn/Mac\"",
				);
				PRODUCT_NAME = "eXo Platform";
				SDKROOT = iphoneos;
			};
			name = Debug;
		};
		1D6058950D05DD3E006BFB54 /* Release */ = {
			isa = XCBuildConfiguration;
			buildSettings = {
				ALWAYS_SEARCH_USER_PATHS = NO;
				CODE_SIGN_ENTITLEMENTS = "~/eXo/01-Products/01-Mobile/00_SRC/mobile/trunk/exo-mobile-ios/Shared/Entitlements.plist";
				COPY_PHASE_STRIP = YES;
				GCC_PRECOMPILE_PREFIX_HEADER = YES;
				GCC_PREFIX_HEADER = eXo_Platform_Prefix.pch;
				HEADER_SEARCH_PATHS = /usr/include/libxml2;
				INFOPLIST_FILE = "eXo_Platform-Info.plist";
				LIBRARY_SEARCH_PATHS = (
					"$(inherited)",
					"\"$(SRCROOT)/Shared/Classes/libidn/iphoneos\"",
					"\"$(SRCROOT)/Shared/Classes/libidn/iphonesimulator\"",
					"\"$(SRCROOT)/Shared/Classes/libidn/Mac\"",
					"\"/Users/maithanhxuyen/Downloads/Archive/exo-mobile-ipad/Classes/libidn/iphoneos\"",
					"\"/Users/maithanhxuyen/Downloads/Archive/exo-mobile-ipad/Classes/libidn/iphonesimulator\"",
					"\"$(SRCROOT)/Sources/Shared/Classes/libidn/iphoneos\"",
					"\"$(SRCROOT)/Sources/Shared/Classes/libidn/iphonesimulator\"",
					"\"$(SRCROOT)/Sources/Shared/Classes/libidn/Mac\"",
				);
				OTHER_LDFLAGS = "-lxml2";
				PRODUCT_NAME = "eXo Platform";
				SDKROOT = iphoneos;
				VALIDATE_PRODUCT = YES;
			};
			name = Release;
		};
		46BC64021316F05B0034E7E3 /* Distribution AppStore */ = {
			isa = XCBuildConfiguration;
			buildSettings = {
				ARCHS = "$(ARCHS_STANDARD_32_BIT)";
				"CODE_SIGN_IDENTITY[sdk=iphoneos*]" = "iPhone Distribution: eXo";
				GCC_C_LANGUAGE_STANDARD = c99;
				GCC_WARN_ABOUT_RETURN_TYPE = YES;
				GCC_WARN_UNUSED_VARIABLE = YES;
				IPHONEOS_DEPLOYMENT_TARGET = 3.2;
				OTHER_CFLAGS = "-DNS_BLOCK_ASSERTIONS=1";
				PREBINDING = NO;
				"PROVISIONING_PROFILE[sdk=iphoneos*]" = "8A39A736-7EF6-4980-B31F-AC976A4EC92E";
				SDKROOT = iphoneos4.2;
				TARGETED_DEVICE_FAMILY = "1,2";
			};
			name = "Distribution AppStore";
		};
		46BC64031316F05B0034E7E3 /* Distribution AppStore */ = {
			isa = XCBuildConfiguration;
			buildSettings = {
				ALWAYS_SEARCH_USER_PATHS = NO;
				CODE_SIGN_ENTITLEMENTS = "~/eXo/01-Products/01-Mobile/00_SRC/mobile/trunk/exo-mobile-ios/Shared/Entitlements.plist";
				COPY_PHASE_STRIP = YES;
				GCC_PRECOMPILE_PREFIX_HEADER = YES;
				GCC_PREFIX_HEADER = eXo_Platform_Prefix.pch;
				HEADER_SEARCH_PATHS = /usr/include/libxml2;
				INFOPLIST_FILE = "eXo_Platform-Info.plist";
				LIBRARY_SEARCH_PATHS = (
					"$(inherited)",
					"\"$(SRCROOT)/Shared/Classes/libidn/iphoneos\"",
					"\"$(SRCROOT)/Shared/Classes/libidn/iphonesimulator\"",
					"\"$(SRCROOT)/Shared/Classes/libidn/Mac\"",
					"\"/Users/maithanhxuyen/Downloads/Archive/exo-mobile-ipad/Classes/libidn/iphoneos\"",
					"\"/Users/maithanhxuyen/Downloads/Archive/exo-mobile-ipad/Classes/libidn/iphonesimulator\"",
					"\"$(SRCROOT)/Sources/Shared/Classes/libidn/iphoneos\"",
					"\"$(SRCROOT)/Sources/Shared/Classes/libidn/iphonesimulator\"",
					"\"$(SRCROOT)/Sources/Shared/Classes/libidn/Mac\"",
				);
				OTHER_LDFLAGS = "-lxml2";
				PRODUCT_NAME = "eXo Platform";
				SDKROOT = iphoneos;
				VALIDATE_PRODUCT = YES;
			};
			name = "Distribution AppStore";
		};
		C01FCF4F08A954540054247B /* Debug */ = {
			isa = XCBuildConfiguration;
			buildSettings = {
				ARCHS = "$(ARCHS_STANDARD_32_BIT)";
				"CODE_SIGN_IDENTITY[sdk=iphoneos*]" = "iPhone Developer";
				GCC_C_LANGUAGE_STANDARD = c99;
				GCC_WARN_ABOUT_RETURN_TYPE = YES;
				GCC_WARN_UNUSED_VARIABLE = YES;
				HEADER_SEARCH_PATHS = /usr/include/libxml2;
				IPHONEOS_DEPLOYMENT_TARGET = 3.2;
				OTHER_LDFLAGS = "-lxml2";
				PREBINDING = NO;
				SDKROOT = iphonesimulator3.2;
				TARGETED_DEVICE_FAMILY = "1,2";
			};
			name = Debug;
		};
		C01FCF5008A954540054247B /* Release */ = {
			isa = XCBuildConfiguration;
			buildSettings = {
				ARCHS = "$(ARCHS_STANDARD_32_BIT)";
				"CODE_SIGN_IDENTITY[sdk=iphoneos*]" = "iPhone Distribution: eXo";
				GCC_C_LANGUAGE_STANDARD = c99;
				GCC_WARN_ABOUT_RETURN_TYPE = YES;
				GCC_WARN_UNUSED_VARIABLE = YES;
				IPHONEOS_DEPLOYMENT_TARGET = 3.2;
				OTHER_CFLAGS = "-DNS_BLOCK_ASSERTIONS=1";
				PREBINDING = NO;
				"PROVISIONING_PROFILE[sdk=iphoneos*]" = "454F6663-6E53-4A55-B28C-DF1656D341DB";
				SDKROOT = iphoneos4.2;
				TARGETED_DEVICE_FAMILY = "1,2";
			};
			name = Release;
		};
/* End XCBuildConfiguration section */

/* Begin XCConfigurationList section */
		1D6058960D05DD3E006BFB54 /* Build configuration list for PBXNativeTarget "eXo Platform" */ = {
			isa = XCConfigurationList;
			buildConfigurations = (
				1D6058940D05DD3E006BFB54 /* Debug */,
				1D6058950D05DD3E006BFB54 /* Release */,
				46BC64031316F05B0034E7E3 /* Distribution AppStore */,
			);
			defaultConfigurationIsVisible = 0;
			defaultConfigurationName = Release;
		};
		C01FCF4E08A954540054247B /* Build configuration list for PBXProject "eXo Platform" */ = {
			isa = XCConfigurationList;
			buildConfigurations = (
				C01FCF4F08A954540054247B /* Debug */,
				C01FCF5008A954540054247B /* Release */,
				46BC64021316F05B0034E7E3 /* Distribution AppStore */,
			);
			defaultConfigurationIsVisible = 0;
			defaultConfigurationName = Release;
		};
/* End XCConfigurationList section */
	};
	rootObject = 29B97313FDCFA39411CA2CEA /* Project object */;
}
